{
  "requires": true,
  "lockfileVersion": 1,
  "dependencies": {
    "moment": {
      "version": "2.18.1",
      "resolved": "https://registry.npmjs.org/moment/-/moment-2.18.1.tgz",
      "integrity": "sha512-QGcnVKRSEhbWy2i0pqFhjWMCczL/YU5ICMB3maUavFcyUqBszRnzsswvOaGOqSfWZ/R+dMnb9gGBuRT4LMTdVQ=="
    },
    "ng-bootstrap": {
      "version": "1.6.3",
      "resolved": "https://registry.npmjs.org/ng-bootstrap/-/ng-bootstrap-1.6.3.tgz",
      "integrity": "sha512-VrnrgSC0r29Rzppnki6VfyVZpaj3UvkXhTOoPCA5UcTs5eH6pPPTqgNYbXf7Cq9MfNi1Asct2kpMVOGVpLiZnQ==",
      "requires": {
        "moment": "2.18.1"
      }
    }
  }
}
