{
  "name": "adventskalender",
  "version": "1.0.0",
  "description": "Christinas personal advent calendar",
  "main": "backend/",
  "scripts": {
  },
  "repository": {
    "type": "git",
    "url": "git@github.com:maximilian-breuer/adventskalender.git"
  },
  "author": "Maximilian Breuer",
  "dependencies": {
  }
}

