{
  "name": "adventskalender",
  "version": "1.0.0",
  "description": "Christinas personal advent calendar",
  "main": "backend/",
  "scripts": {
  },
  "repository": {
    "type": "git",
    "url": "git@git.rwth-aachen.de:learntech-lufgi9/webtech-21-22/gruppe-05.git"
  },
  "author": "Maximilian Breuer",
  "dependencies": {
  }
}

